# THIS IS AN AUTOGENERATED FILE. DO NOT EDIT THIS FILE DIRECTLY.
# yarn lockfile v1


cmake-runtime-darwin-universal@3.27.7:
  version "3.27.7"
  resolved "https://registry.yarnpkg.com/cmake-runtime-darwin-universal/-/cmake-runtime-darwin-universal-3.27.7.tgz#90dedead9946f07b4673bed4e673c164d76ed8ba"
  integrity sha512-TSKB8TSJ5wdyrb7JDhOOwrHhong7RKK3V91avf3L1gaBgyigiuZ3y3ABzeogiofiQ9MjOdFJkY039cW7eKATag==

cmake-runtime-linux-arm64@3.27.7:
  version "3.27.7"
  resolved "https://registry.yarnpkg.com/cmake-runtime-linux-arm64/-/cmake-runtime-linux-arm64-3.27.7.tgz#f92f117941df40e025b0ae73ab1f62203011ba5c"
  integrity sha512-FdmniPonnkN9KmKQ2ngFh85QGiLEoE6Qap55rfLwtoicZzh5PUdOmWA9bjtp3FXCZ5OV73bhxLNBEnM4a6+yaw==

cmake-runtime-linux-x64@3.27.7:
  version "3.27.7"
  resolved "https://registry.yarnpkg.com/cmake-runtime-linux-x64/-/cmake-runtime-linux-x64-3.27.7.tgz#88ebb3f2547a1ebd91f93a9db5d7ebb44124a867"
  integrity sha512-vu4IhQKfVTwM1lkFKKPCKMxg2lrJlw+cgzmUcIoketuRZNNysNNeF6S97TL+wCTCvSH9tNsdAmChywhwELbLTA==

cmake-runtime-windows-arm64@3.27.7:
  version "3.27.7"
  resolved "https://registry.yarnpkg.com/cmake-runtime-windows-arm64/-/cmake-runtime-windows-arm64-3.27.7.tgz#10c80d54dd478250b01282a0202177bc79b18a4c"
  integrity sha512-F138XetthdxZ5fJCCl//cDlj5Z053K9sJ1y4KoIsY7NQHWduKZ5ZBCOU/bHczzNLVXZGRg8d7AisOohvWg4MwQ==

cmake-runtime-windows-x64@3.27.7:
  version "3.27.7"
  resolved "https://registry.yarnpkg.com/cmake-runtime-windows-x64/-/cmake-runtime-windows-x64-3.27.7.tgz#5ab0151cc940cebb76ed82f9fd5f60465c9922c7"
  integrity sha512-80PSHRqPz6Wgrgyj4EMBOHznVoTJ2b/po6CSn3xLfF2nLji65eGsT2/wNxlgp+9XpEqQ9AxPR++rCyHkYQkOrQ==
